{
  "name": "dev-hackathon-twilio",
  "version": "1.0.0",
  "lockfileVersion": 1,
  "requires": true,
  "dependencies": {
    "@types/body-parser": {
      "version": "1.19.0",
      "resolved": "https://principal2.jfrog.io/principal2/api/npm/npm/@types/body-parser/-/body-parser-1.19.0.tgz",
      "integrity": "sha1-BoWzxH6zAG/+0RfN1VFkth+AU48=",
      "requires": {
        "@types/connect": "*",
        "@types/node": "*"
      }
    },
    "@types/connect": {
      "version": "3.4.33",
      "resolved": "https://principal2.jfrog.io/principal2/api/npm/npm/@types/connect/-/connect-3.4.33.tgz",
      "integrity": "sha1-MWEMkB7KVzuHE8MzCrxua59YhUY=",
      "requires": {
        "@types/node": "*"
      }
    },
    "@types/express": {
      "version": "4.17.4",
      "resolved": "https://principal2.jfrog.io/principal2/api/npm/npm/@types/express/-/express-4.17.4.tgz",
      "integrity": "sha1-54vwnz9TCIlXX02oqUzUU4RSCqw=",
      "requires": {
        "@types/body-parser": "*",
        "@types/express-serve-static-core": "*",
        "@types/qs": "*",
        "@types/serve-static": "*"
      }
    },
    "@types/express-serve-static-core": {
      "version": "4.17.3",
      "resolved": "https://principal2.jfrog.io/principal2/api/npm/npm/@types/express-serve-static-core/-/express-serve-static-core-4.17.3.tgz",
      "integrity": "sha1-3IBo7j41TX+6af64az3+7kmxDwk=",
      "requires": {
        "@types/node": "*",
        "@types/range-parser": "*"
      }
    },
    "@types/mime": {
      "version": "2.0.1",
      "resolved": "https://principal2.jfrog.io/principal2/api/npm/npm/@types/mime/-/mime-2.0.1.tgz",
      "integrity": "sha1-3EiIQjEqfwdRSTEpBbXjwLBUx50="
    },
    "@types/node": {
      "version": "13.11.0",
      "resolved": "https://principal2.jfrog.io/principal2/api/npm/npm/@types/node/-/node-13.11.0.tgz",
      "integrity": "sha1-OQ6iAlOcYcj6a6RCi1fgW8NtxHs="
    },
    "@types/qs": {
      "version": "6.9.1",
      "resolved": "https://principal2.jfrog.io/principal2/api/npm/npm/@types/qs/-/qs-6.9.1.tgz",
      "integrity": "sha1-k3+rMZR2YlbuCfzUC3gXQHWGF+c="
    },
    "@types/range-parser": {
      "version": "1.2.3",
      "resolved": "https://principal2.jfrog.io/principal2/api/npm/npm/@types/range-parser/-/range-parser-1.2.3.tgz",
      "integrity": "sha1-fuMwunyq+5gJC+zoal7kQRWQTCw="
    },
    "@types/serve-static": {
      "version": "1.13.3",
      "resolved": "https://principal2.jfrog.io/principal2/api/npm/npm/@types/serve-static/-/serve-static-1.13.3.tgz",
      "integrity": "sha1-634cQcRGgnJVfol+kXHe1eLe2dE=",
      "requires": {
        "@types/express-serve-static-core": "*",
        "@types/mime": "*"
      }
    },
    "asap": {
      "version": "2.0.6",
      "resolved": "https://principal2.jfrog.io/principal2/api/npm/npm/asap/-/asap-2.0.6.tgz",
      "integrity": "sha1-5QNHYR1+aQlDIIu9r+vLwvuGbUY="
    },
    "axios": {
      "version": "0.19.2",
      "resolved": "https://principal2.jfrog.io/principal2/api/npm/npm/axios/-/axios-0.19.2.tgz",
      "integrity": "sha1-PqNsXYgY0NX4qKl6bTa4bNwAyyc=",
      "requires": {
        "follow-redirects": "1.5.10"
      }
    },
    "buffer-equal-constant-time": {
      "version": "1.0.1",
      "resolved": "https://principal2.jfrog.io/principal2/api/npm/npm/buffer-equal-constant-time/-/buffer-equal-constant-time-1.0.1.tgz",
      "integrity": "sha1-+OcRMvf/5uAaXJaXpMbz5I1cyBk="
    },
    "dayjs": {
      "version": "1.8.23",
      "resolved": "https://principal2.jfrog.io/principal2/api/npm/npm/dayjs/-/dayjs-1.8.23.tgz",
      "integrity": "sha1-B7Wo51nE11rge90K1pd/hRwB5RA="
    },
    "debug": {
      "version": "3.1.0",
      "resolved": "https://principal2.jfrog.io/principal2/api/npm/npm/debug/-/debug-3.1.0.tgz",
      "integrity": "sha1-W7WgZyYotkFJVmuhaBnmFRjGcmE=",
      "requires": {
        "ms": "2.0.0"
      }
    },
    "dotenv": {
      "version": "8.2.0",
      "resolved": "https://principal2.jfrog.io/principal2/api/npm/npm/dotenv/-/dotenv-8.2.0.tgz",
      "integrity": "sha1-l+YZJZradQ7qPk6j4mvO6lQksWo=",
      "dev": true
    },
    "ecdsa-sig-formatter": {
      "version": "1.0.11",
      "resolved": "https://principal2.jfrog.io/principal2/api/npm/npm/ecdsa-sig-formatter/-/ecdsa-sig-formatter-1.0.11.tgz",
      "integrity": "sha1-rg8PothQRe8UqBfao86azQSJ5b8=",
      "requires": {
        "safe-buffer": "^5.0.1"
      }
    },
    "follow-redirects": {
      "version": "1.5.10",
      "resolved": "https://principal2.jfrog.io/principal2/api/npm/npm/follow-redirects/-/follow-redirects-1.5.10.tgz",
      "integrity": "sha1-e3qfmuov3/NnhqlP9kPtB/T/Xio=",
      "requires": {
        "debug": "=3.1.0"
      }
    },
    "jsonwebtoken": {
      "version": "8.5.1",
      "resolved": "https://principal2.jfrog.io/principal2/api/npm/npm/jsonwebtoken/-/jsonwebtoken-8.5.1.tgz",
      "integrity": "sha1-AOceC431TCEhofJhN98igGc7zA0=",
      "requires": {
        "jws": "^3.2.2",
        "lodash.includes": "^4.3.0",
        "lodash.isboolean": "^3.0.3",
        "lodash.isinteger": "^4.0.4",
        "lodash.isnumber": "^3.0.3",
        "lodash.isplainobject": "^4.0.6",
        "lodash.isstring": "^4.0.1",
        "lodash.once": "^4.0.0",
        "ms": "^2.1.1",
        "semver": "^5.6.0"
      },
      "dependencies": {
        "ms": {
          "version": "2.1.2",
          "resolved": "https://principal2.jfrog.io/principal2/api/npm/npm/ms/-/ms-2.1.2.tgz",
          "integrity": "sha1-0J0fNXtEP0kzgqjrPM0YOHKuYAk="
        }
      }
    },
    "jwa": {
      "version": "1.4.1",
      "resolved": "https://principal2.jfrog.io/principal2/api/npm/npm/jwa/-/jwa-1.4.1.tgz",
      "integrity": "sha1-dDwymFy56YZVUw1TZBtmyGRbA5o=",
      "requires": {
        "buffer-equal-constant-time": "1.0.1",
        "ecdsa-sig-formatter": "1.0.11",
        "safe-buffer": "^5.0.1"
      }
    },
    "jws": {
      "version": "3.2.2",
      "resolved": "https://principal2.jfrog.io/principal2/api/npm/npm/jws/-/jws-3.2.2.tgz",
      "integrity": "sha1-ABCZ82OUaMlBQADpmZX6UvtHgwQ=",
      "requires": {
        "jwa": "^1.4.1",
        "safe-buffer": "^5.0.1"
      }
    },
    "lodash": {
      "version": "4.17.15",
      "resolved": "https://principal2.jfrog.io/principal2/api/npm/npm/lodash/-/lodash-4.17.15.tgz",
      "integrity": "sha1-tEf2ZwoEVbv+7dETku/zMOoJdUg="
    },
    "lodash.includes": {
      "version": "4.3.0",
      "resolved": "https://principal2.jfrog.io/principal2/api/npm/npm/lodash.includes/-/lodash.includes-4.3.0.tgz",
      "integrity": "sha1-YLuYqHy5I8aMoeUTJUgzFISfVT8="
    },
    "lodash.isboolean": {
      "version": "3.0.3",
      "resolved": "https://principal2.jfrog.io/principal2/api/npm/npm/lodash.isboolean/-/lodash.isboolean-3.0.3.tgz",
      "integrity": "sha1-bC4XHbKiV82WgC/UOwGyDV9YcPY="
    },
    "lodash.isinteger": {
      "version": "4.0.4",
      "resolved": "https://principal2.jfrog.io/principal2/api/npm/npm/lodash.isinteger/-/lodash.isinteger-4.0.4.tgz",
      "integrity": "sha1-YZwK89A/iwTDH1iChAt3sRzWg0M="
    },
    "lodash.isnumber": {
      "version": "3.0.3",
      "resolved": "https://principal2.jfrog.io/principal2/api/npm/npm/lodash.isnumber/-/lodash.isnumber-3.0.3.tgz",
      "integrity": "sha1-POdoEMWSjQM1IwGsKHMX8RwLH/w="
    },
    "lodash.isplainobject": {
      "version": "4.0.6",
      "resolved": "https://principal2.jfrog.io/principal2/api/npm/npm/lodash.isplainobject/-/lodash.isplainobject-4.0.6.tgz",
      "integrity": "sha1-fFJqUtibRcRcxpC4gWO+BJf1UMs="
    },
    "lodash.isstring": {
      "version": "4.0.1",
      "resolved": "https://principal2.jfrog.io/principal2/api/npm/npm/lodash.isstring/-/lodash.isstring-4.0.1.tgz",
      "integrity": "sha1-1SfftUVuynzJu5XV2ur4i6VKVFE="
    },
    "lodash.once": {
      "version": "4.1.1",
      "resolved": "https://principal2.jfrog.io/principal2/api/npm/npm/lodash.once/-/lodash.once-4.1.1.tgz",
      "integrity": "sha1-DdOXEhPHxW34gJd9UEyI+0cal6w="
    },
    "ms": {
      "version": "2.0.0",
      "resolved": "https://principal2.jfrog.io/principal2/api/npm/npm/ms/-/ms-2.0.0.tgz",
      "integrity": "sha1-VgiurfwAvmwpAd9fmGF4jeDVl8g="
    },
    "pop-iterate": {
      "version": "1.0.1",
      "resolved": "https://principal2.jfrog.io/principal2/api/npm/npm/pop-iterate/-/pop-iterate-1.0.1.tgz",
      "integrity": "sha1-zqz9q0q/NT16DyqqLB/Hs/lBO6M="
    },
    "q": {
      "version": "2.0.3",
      "resolved": "https://principal2.jfrog.io/principal2/api/npm/npm/q/-/q-2.0.3.tgz",
      "integrity": "sha1-dbjbAlWhpa+C9Yw/Oqoe/sfQ0TQ=",
      "requires": {
        "asap": "^2.0.0",
        "pop-iterate": "^1.0.1",
        "weak-map": "^1.0.5"
      }
    },
    "qs": {
      "version": "6.9.3",
      "resolved": "https://principal2.jfrog.io/principal2/api/npm/npm/qs/-/qs-6.9.3.tgz",
      "integrity": "sha1-v63NKWwtVJ8d/6VgYZEyyXf1AI4="
    },
    "querystringify": {
      "version": "2.1.1",
      "resolved": "https://principal2.jfrog.io/principal2/api/npm/npm/querystringify/-/querystringify-2.1.1.tgz",
      "integrity": "sha1-YOWl/WSn+L+k0qsu1v30yFutFU4="
    },
    "requires-port": {
      "version": "1.0.0",
      "resolved": "https://principal2.jfrog.io/principal2/api/npm/npm/requires-port/-/requires-port-1.0.0.tgz",
      "integrity": "sha1-kl0mAdOaxIXgkc8NpcbmlNw9yv8="
    },
    "rootpath": {
      "version": "0.1.2",
      "resolved": "https://principal2.jfrog.io/principal2/api/npm/npm/rootpath/-/rootpath-0.1.2.tgz",
      "integrity": "sha1-Wzeah9ypBum5HWkKWZQ5vvJn6ms="
    },
    "safe-buffer": {
      "version": "5.2.0",
      "resolved": "https://principal2.jfrog.io/principal2/api/npm/npm/safe-buffer/-/safe-buffer-5.2.0.tgz",
      "integrity": "sha1-t02uxJsRSPiMZLaNSbHoFcHy9Rk="
    },
    "scmp": {
      "version": "2.1.0",
      "resolved": "https://principal2.jfrog.io/principal2/api/npm/npm/scmp/-/scmp-2.1.0.tgz",
      "integrity": "sha1-N7jhl8QlvetXCrkcw1azEaEfnJo="
    },
    "semver": {
      "version": "5.7.1",
      "resolved": "https://principal2.jfrog.io/principal2/api/npm/npm/semver/-/semver-5.7.1.tgz",
      "integrity": "sha1-qVT5Ma66UI0we78Gnv8MAclhFvc="
    },
    "twilio": {
      "version": "3.42.0",
      "resolved": "https://principal2.jfrog.io/principal2/api/npm/npm/twilio/-/twilio-3.42.0.tgz",
      "integrity": "sha1-j0j+EMFkxVUR8JrjHAqC8UqVhkc=",
      "requires": {
        "@types/express": "^4.17.3",
        "axios": "^0.19.2",
        "dayjs": "^1.8.21",
        "jsonwebtoken": "^8.5.1",
        "lodash": "^4.17.15",
        "q": "2.0.x",
        "qs": "^6.9.1",
        "rootpath": "^0.1.2",
        "scmp": "^2.1.0",
        "url-parse": "^1.4.7",
        "xmlbuilder": "^13.0.2"
      }
    },
    "url-parse": {
      "version": "1.4.7",
      "resolved": "https://principal2.jfrog.io/principal2/api/npm/npm/url-parse/-/url-parse-1.4.7.tgz",
      "integrity": "sha1-qKg1NejACjFuQDpdtKwbm4U64ng=",
      "requires": {
        "querystringify": "^2.1.1",
        "requires-port": "^1.0.0"
      }
    },
    "weak-map": {
      "version": "1.0.5",
      "resolved": "https://principal2.jfrog.io/principal2/api/npm/npm/weak-map/-/weak-map-1.0.5.tgz",
      "integrity": "sha1-eWkVhNmGB/UHC9O3CkDmuyLkAes="
    },
    "xmlbuilder": {
      "version": "13.0.2",
      "resolved": "https://principal2.jfrog.io/principal2/api/npm/npm/xmlbuilder/-/xmlbuilder-13.0.2.tgz",
      "integrity": "sha1-Aq4zYUtqBH0cMrU4nB/ayyvOR6c="
    }
  }
}
